
Microsoft Visual Studio Solution File, Format Version 12.00
# Visual Studio Version 16
VisualStudioVersion = 16.0.30011.22
MinimumVisualStudioVersion = 10.0.40219.1
Project("{9A19103F-16F7-4668-BE54-9A1E7A4F7556}") = "Vision.Core", "Vision.Core\Vision.Core.csproj", "{1B07E304-1B3E-49B0-A8C0-4EB9467127F3}"
EndProject
Project("{9A19103F-16F7-4668-BE54-9A1E7A4F7556}") = "Vision.Game", "Vision.Game\Vision.Game.csproj", "{56D1AFCC-9F14-4BF0-97DE-80D82DE2D922}"
	ProjectSection(ProjectDependencies) = postProject
		{1B07E304-1B3E-49B0-A8C0-4EB9467127F3} = {1B07E304-1B3E-49B0-A8C0-4EB9467127F3}
	EndProjectSection
EndProject
Project("{9A19103F-16F7-4668-BE54-9A1E7A4F7556}") = "Vision.Client", "Vision.Client\Vision.Client.csproj", "{32771DC6-C002-4632-980A-14B30B0097E1}"
	ProjectSection(ProjectDependencies) = postProject
		{1B07E304-1B3E-49B0-A8C0-4EB9467127F3} = {1B07E304-1B3E-49B0-A8C0-4EB9467127F3}
		{56D1AFCC-9F14-4BF0-97DE-80D82DE2D922} = {56D1AFCC-9F14-4BF0-97DE-80D82DE2D922}
	EndProjectSection
EndProject
Project("{2150E333-8FDC-42A3-9474-1A3956D46DE8}") = "Solution Items", "Solution Items", "{BF423067-1D4E-497C-9C16-0DE778E3B2B0}"
EndProject
Project("{9A19103F-16F7-4668-BE54-9A1E7A4F7556}") = "VisionConsoleTesting", "VisionConsoleTesting\VisionConsoleTesting.csproj", "{132E0BD6-AFE0-4C8A-A6FA-4D1C79489B12}"
	ProjectSection(ProjectDependencies) = postProject
		{1B07E304-1B3E-49B0-A8C0-4EB9467127F3} = {1B07E304-1B3E-49B0-A8C0-4EB9467127F3}
		{32771DC6-C002-4632-980A-14B30B0097E1} = {32771DC6-C002-4632-980A-14B30B0097E1}
		{56D1AFCC-9F14-4BF0-97DE-80D82DE2D922} = {56D1AFCC-9F14-4BF0-97DE-80D82DE2D922}
	EndProjectSection
EndProject
Global
	GlobalSection(SolutionConfigurationPlatforms) = preSolution
		Debug|Any CPU = Debug|Any CPU
		Release|Any CPU = Release|Any CPU
	EndGlobalSection
	GlobalSection(ProjectConfigurationPlatforms) = postSolution
		{1B07E304-1B3E-49B0-A8C0-4EB9467127F3}.Debug|Any CPU.ActiveCfg = Debug|Any CPU
		{1B07E304-1B3E-49B0-A8C0-4EB9467127F3}.Debug|Any CPU.Build.0 = Debug|Any CPU
		{1B07E304-1B3E-49B0-A8C0-4EB9467127F3}.Release|Any CPU.ActiveCfg = Release|Any CPU
		{1B07E304-1B3E-49B0-A8C0-4EB9467127F3}.Release|Any CPU.Build.0 = Release|Any CPU
		{56D1AFCC-9F14-4BF0-97DE-80D82DE2D922}.Debug|Any CPU.ActiveCfg = Debug|Any CPU
		{56D1AFCC-9F14-4BF0-97DE-80D82DE2D922}.Debug|Any CPU.Build.0 = Debug|Any CPU
		{56D1AFCC-9F14-4BF0-97DE-80D82DE2D922}.Release|Any CPU.ActiveCfg = Release|Any CPU
		{56D1AFCC-9F14-4BF0-97DE-80D82DE2D922}.Release|Any CPU.Build.0 = Release|Any CPU
		{32771DC6-C002-4632-980A-14B30B0097E1}.Debug|Any CPU.ActiveCfg = Debug|Any CPU
		{32771DC6-C002-4632-980A-14B30B0097E1}.Debug|Any CPU.Build.0 = Debug|Any CPU
		{32771DC6-C002-4632-980A-14B30B0097E1}.Release|Any CPU.ActiveCfg = Release|Any CPU
		{32771DC6-C002-4632-980A-14B30B0097E1}.Release|Any CPU.Build.0 = Release|Any CPU
		{132E0BD6-AFE0-4C8A-A6FA-4D1C79489B12}.Debug|Any CPU.ActiveCfg = Debug|Any CPU
		{132E0BD6-AFE0-4C8A-A6FA-4D1C79489B12}.Debug|Any CPU.Build.0 = Debug|Any CPU
		{132E0BD6-AFE0-4C8A-A6FA-4D1C79489B12}.Release|Any CPU.ActiveCfg = Release|Any CPU
		{132E0BD6-AFE0-4C8A-A6FA-4D1C79489B12}.Release|Any CPU.Build.0 = Release|Any CPU
		{E1F975EA-EF2E-4E9A-9DD6-D946ABBC5EF4}.Debug|Any CPU.ActiveCfg = Debug|Any CPU
		{E1F975EA-EF2E-4E9A-9DD6-D946ABBC5EF4}.Debug|Any CPU.Build.0 = Debug|Any CPU
		{E1F975EA-EF2E-4E9A-9DD6-D946ABBC5EF4}.Release|Any CPU.ActiveCfg = Release|Any CPU
		{E1F975EA-EF2E-4E9A-9DD6-D946ABBC5EF4}.Release|Any CPU.Build.0 = Release|Any CPU
	EndGlobalSection
	GlobalSection(SolutionProperties) = preSolution
		HideSolutionNode = FALSE
	EndGlobalSection
	GlobalSection(ExtensibilityGlobals) = postSolution
		SolutionGuid = {44395807-B087-4AE2-943B-DEB014111505}
	EndGlobalSection
EndGlobal
